{
  "lockFileVersion": 13,
  "registryFileHashes": {
    "https://bcr.bazel.build/bazel_registry.json": "8a28e4aff06ee60aed2a8c281907fb8bcbf3b753c91fb5a5c57da3215d5b3497",
    "https://bcr.bazel.build/modules/abseil-cpp/20210324.2/MODULE.bazel": "7cd0312e064fde87c8d1cd79ba06c876bd23630c83466e9500321be55c96ace2",
    "https://bcr.bazel.build/modules/abseil-cpp/20211102.0/MODULE.bazel": "70390338f7a5106231d20620712f7cccb659cd0e9d073d1991c038eb9fc57589",
    "https://bcr.bazel.build/modules/abseil-cpp/20230125.1/MODULE.bazel": "89047429cb0207707b2dface14ba7f8df85273d484c2572755be4bab7ce9c3a0",
    "https://bcr.bazel.build/modules/abseil-cpp/20230802.0.bcr.1/MODULE.bazel": "1c8cec495288dccd14fdae6e3f95f772c1c91857047a098fad772034264cc8cb",
    "https://bcr.bazel.build/modules/abseil-cpp/20230802.0.bcr.1/source.json": "14892cc698e02ffedf4967546e6bedb7245015906888d3465fcf27c90a26da10",
    "https://bcr.bazel.build/modules/apple_support/1.5.0/MODULE.bazel": "50341a62efbc483e8a2a6aec30994a58749bd7b885e18dd96aa8c33031e558ef",
    "https://bcr.bazel.build/modules/apple_support/1.5.0/source.json": "eb98a7627c0bc486b57f598ad8da50f6625d974c8f723e9ea71bd39f709c9862",
    "https://bcr.bazel.build/modules/bazel_features/1.1.0/MODULE.bazel": "cfd42ff3b815a5f39554d97182657f8c4b9719568eb7fded2b9135f084bf760b",
    "https://bcr.bazel.build/modules/bazel_features/1.1.1/MODULE.bazel": "27b8c79ef57efe08efccbd9dd6ef70d61b4798320b8d3c134fd571f78963dbcd",
    "https://bcr.bazel.build/modules/bazel_features/1.11.0/MODULE.bazel": "f9382337dd5a474c3b7d334c2f83e50b6eaedc284253334cf823044a26de03e8",
    "https://bcr.bazel.build/modules/bazel_features/1.18.0/MODULE.bazel": "1be0ae2557ab3a72a57aeb31b29be347bcdc5d2b1eb1e70f39e3851a7e97041a",
    "https://bcr.bazel.build/modules/bazel_features/1.19.0/MODULE.bazel": "59adcdf28230d220f0067b1f435b8537dd033bfff8db21335ef9217919c7fb58",
    "https://bcr.bazel.build/modules/bazel_features/1.19.0/source.json": "d7bf14517c1b25b9d9c580b0f8795fceeae08a7590f507b76aace528e941375d",
    "https://bcr.bazel.build/modules/bazel_features/1.4.1/MODULE.bazel": "e45b6bb2350aff3e442ae1111c555e27eac1d915e77775f6fdc4b351b758b5d7",
    "https://bcr.bazel.build/modules/bazel_features/1.9.0/MODULE.bazel": "885151d58d90d8d9c811eb75e3288c11f850e1d6b481a8c9f766adee4712358b",
    "https://bcr.bazel.build/modules/bazel_features/1.9.1/MODULE.bazel": "8f679097876a9b609ad1f60249c49d68bfab783dd9be012faf9d82547b14815a",
    "https://bcr.bazel.build/modules/bazel_lib/3.0.0/MODULE.bazel": "22b70b80ac89ad3f3772526cd9feee2fa412c2b01933fea7ed13238a448d370d",
    "https://bcr.bazel.build/modules/bazel_lib/3.0.0/source.json": "895f21909c6fba01d7c17914bb6c8e135982275a1b18cdaa4e62272217ef1751",
    "https://bcr.bazel.build/modules/bazel_skylib/1.0.3/MODULE.bazel": "bcb0fd896384802d1ad283b4e4eb4d718eebd8cb820b0a2c3a347fb971afd9d8",
    "https://bcr.bazel.build/modules/bazel_skylib/1.2.0/MODULE.bazel": "44fe84260e454ed94ad326352a698422dbe372b21a1ac9f3eab76eb531223686",
    "https://bcr.bazel.build/modules/bazel_skylib/1.2.1/MODULE.bazel": "f35baf9da0efe45fa3da1696ae906eea3d615ad41e2e3def4aeb4e8bc0ef9a7a",
    "https://bcr.bazel.build/modules/bazel_skylib/1.3.0/MODULE.bazel": "20228b92868bf5cfc41bda7afc8a8ba2a543201851de39d990ec957b513579c5",
    "https://bcr.bazel.build/modules/bazel_skylib/1.4.1/MODULE.bazel": "a0dcb779424be33100dcae821e9e27e4f2901d9dfd5333efe5ac6a8d7ab75e1d",
    "https://bcr.bazel.build/modules/bazel_skylib/1.5.0/MODULE.bazel": "32880f5e2945ce6a03d1fbd588e9198c0a959bb42297b2cfaf1685b7bc32e138",
    "https://bcr.bazel.build/modules/bazel_skylib/1.6.1/MODULE.bazel": "8fdee2dbaace6c252131c00e1de4b165dc65af02ea278476187765e1a617b917",
    "https://bcr.bazel.build/modules/bazel_skylib/1.7.1/MODULE.bazel": "3120d80c5861aa616222ec015332e5f8d3171e062e3e804a2a0253e1be26e59b",
    "https://bcr.bazel.build/modules/bazel_skylib/1.8.1/MODULE.bazel": "88ade7293becda963e0e3ea33e7d54d3425127e0a326e0d17da085a5f1f03ff6",
    "https://bcr.bazel.build/modules/bazel_skylib/1.8.1/source.json": "7ebaefba0b03efe59cac88ed5bbc67bcf59a3eff33af937345ede2a38b2d368a",
    "https://bcr.bazel.build/modules/bazel_skylib_gazelle_plugin/1.4.1/MODULE.bazel": "50447bdca4e2fb6d46bbbe724d831447b1c4e0ce845a0fd61f8c8d7103d8eea1",
    "https://bcr.bazel.build/modules/bazel_skylib_gazelle_plugin/1.4.1/source.json": "c1669ef02780d38e17e39a15d0dd8bbdd1620755f4936c5693cecccb9aa9d2b6",
    "https://bcr.bazel.build/modules/buildifier_prebuilt/6.1.2/MODULE.bazel": "2ef4962c8b0b6d8d21928a89190755619254459bc67f870dc0ccb9ba9952d444",
    "https://bcr.bazel.build/modules/buildifier_prebuilt/6.1.2/source.json": "19fb45ed3f0d55cbff94e402c39512940833ae3a68f9cbfd9518a1926b609c7c",
    "https://bcr.bazel.build/modules/buildozer/7.1.2/MODULE.bazel": "2e8dd40ede9c454042645fd8d8d0cd1527966aa5c919de86661e62953cd73d84",
    "https://bcr.bazel.build/modules/buildozer/7.1.2/source.json": "c9028a501d2db85793a6996205c8de120944f50a0d570438fcae0457a5f9d1f8",
    "https://bcr.bazel.build/modules/gazelle/0.27.0/MODULE.bazel": "3446abd608295de6d90b4a8a118ed64a9ce11dcb3dda2dc3290a22056bd20996",
    "https://bcr.bazel.build/modules/gazelle/0.29.0/MODULE.bazel": "a8c809839caeb52995de3f46bbc60cfd327fadfdbfa9f19ee297c8bc8500be45",
    "https://bcr.bazel.build/modules/gazelle/0.32.0/MODULE.bazel": "b499f58a5d0d3537f3cf5b76d8ada18242f64ec474d8391247438bf04f58c7b8",
    "https://bcr.bazel.build/modules/gazelle/0.33.0/MODULE.bazel": "a13a0f279b462b784fb8dd52a4074526c4a2afe70e114c7d09066097a46b3350",
    "https://bcr.bazel.build/modules/gazelle/0.34.0/MODULE.bazel": "abdd8ce4d70978933209db92e436deb3a8b737859e9354fb5fd11fb5c2004c8a",
    "https://bcr.bazel.build/modules/gazelle/0.36.0/MODULE.bazel": "e375d5d6e9a6ca59b0cb38b0540bc9a05b6aa926d322f2de268ad267a2ee74c0",
    "https://bcr.bazel.build/modules/gazelle/0.45.0/MODULE.bazel": "ecd19ebe9f8e024e1ccffb6d997cc893a974bcc581f1ae08f386bdd448b10687",
    "https://bcr.bazel.build/modules/gazelle/0.45.0/source.json": "111d182facc5f5e80f0b823d5f077b74128f40c3fd2eccc89a06f34191bd3392",
    "https://bcr.bazel.build/modules/googletest/1.11.0/MODULE.bazel": "3a83f095183f66345ca86aa13c58b59f9f94a2f81999c093d4eeaa2d262d12f4",
    "https://bcr.bazel.build/modules/googletest/1.14.0/MODULE.bazel": "cfbcbf3e6eac06ef9d85900f64424708cc08687d1b527f0ef65aa7517af8118f",
    "https://bcr.bazel.build/modules/googletest/1.14.0/source.json": "2478949479000fdd7de9a3d0107ba2c85bb5f961c3ecb1aa448f52549ce310b5",
    "https://bcr.bazel.build/modules/jsoncpp/1.9.5/MODULE.bazel": "31271aedc59e815656f5736f282bb7509a97c7ecb43e927ac1a37966e0578075",
    "https://bcr.bazel.build/modules/jsoncpp/1.9.5/source.json": "4108ee5085dd2885a341c7fab149429db457b3169b86eb081fa245eadf69169d",
    "https://bcr.bazel.build/modules/package_metadata/0.0.5/MODULE.bazel": "ef4f9439e3270fdd6b9fd4dbc3d2f29d13888e44c529a1b243f7a31dfbc2e8e4",
    "https://bcr.bazel.build/modules/package_metadata/0.0.5/source.json": "2326db2f6592578177751c3e1f74786b79382cd6008834c9d01ec865b9126a85",
    "https://bcr.bazel.build/modules/platforms/0.0.10/MODULE.bazel": "8cb8efaf200bdeb2150d93e162c40f388529a25852b332cec879373771e48ed5",
    "https://bcr.bazel.build/modules/platforms/0.0.10/source.json": "f22828ff4cf021a6b577f1bf6341cb9dcd7965092a439f64fc1bb3b7a5ae4bd5",
    "https://bcr.bazel.build/modules/platforms/0.0.4/MODULE.bazel": "9b328e31ee156f53f3c416a64f8491f7eb731742655a47c9eec4703a71644aee",
    "https://bcr.bazel.build/modules/platforms/0.0.5/MODULE.bazel": "5733b54ea419d5eaf7997054bb55f6a1d0b5ff8aedf0176fef9eea44f3acda37",
    "https://bcr.bazel.build/modules/platforms/0.0.6/MODULE.bazel": "ad6eeef431dc52aefd2d77ed20a4b353f8ebf0f4ecdd26a807d2da5aa8cd0615",
    "https://bcr.bazel.build/modules/platforms/0.0.7/MODULE.bazel": "72fd4a0ede9ee5c021f6a8dd92b503e089f46c227ba2813ff183b71616034814",
    "https://bcr.bazel.build/modules/platforms/0.0.8/MODULE.bazel": "9f142c03e348f6d263719f5074b21ef3adf0b139ee4c5133e2aa35664da9eb2d",
    "https://bcr.bazel.build/modules/platforms/0.0.9/MODULE.bazel": "4a87a60c927b56ddd67db50c89acaa62f4ce2a1d2149ccb63ffd871d5ce29ebc",
    "https://bcr.bazel.build/modules/protobuf/21.7/MODULE.bazel": "a5a29bb89544f9b97edce05642fac225a808b5b7be74038ea3640fae2f8e66a7",
    "https://bcr.bazel.build/modules/protobuf/27.0/MODULE.bazel": "7873b60be88844a0a1d8f80b9d5d20cfbd8495a689b8763e76c6372998d3f64c",
    "https://bcr.bazel.build/modules/protobuf/27.0/source.json": "1acf3d080c728d42f423fde5422fd0a1a24f44c15908124ce12363a253384193",
    "https://bcr.bazel.build/modules/protobuf/3.19.0/MODULE.bazel": "6b5fbb433f760a99a22b18b6850ed5784ef0e9928a72668b66e4d7ccd47db9b0",
    "https://bcr.bazel.build/modules/protobuf/3.19.2/MODULE.bazel": "532ffe5f2186b69fdde039efe6df13ba726ff338c6bc82275ad433013fa10573",
    "https://bcr.bazel.build/modules/protobuf/3.19.6/MODULE.bazel": "9233edc5e1f2ee276a60de3eaa47ac4132302ef9643238f23128fea53ea12858",
    "https://bcr.bazel.build/modules/rules_cc/0.0.1/MODULE.bazel": "cb2aa0747f84c6c3a78dad4e2049c154f08ab9d166b1273835a8174940365647",
    "https://bcr.bazel.build/modules/rules_cc/0.0.17/MODULE.bazel": "2ae1d8f4238ec67d7185d8861cb0a2cdf4bc608697c331b95bf990e69b62e64a",
    "https://bcr.bazel.build/modules/rules_cc/0.0.17/source.json": "4db99b3f55c90ab28d14552aa0632533e3e8e5e9aea0f5c24ac0014282c2a7c5",
    "https://bcr.bazel.build/modules/rules_cc/0.0.2/MODULE.bazel": "6915987c90970493ab97393024c156ea8fb9f3bea953b2f3ec05c34f19b5695c",
    "https://bcr.bazel.build/modules/rules_cc/0.0.6/MODULE.bazel": "abf360251023dfe3efcef65ab9d56beefa8394d4176dd29529750e1c57eaa33f",
    "https://bcr.bazel.build/modules/rules_cc/0.0.8/MODULE.bazel": "964c85c82cfeb6f3855e6a07054fdb159aced38e99a5eecf7bce9d53990afa3e",
    "https://bcr.bazel.build/modules/rules_cc/0.0.9/MODULE.bazel": "836e76439f354b89afe6a911a7adf59a6b2518fafb174483ad78a2a2fde7b1c5",
    "https://bcr.bazel.build/modules/rules_go/0.33.0/MODULE.bazel": "a2b11b64cd24bf94f57454f53288a5dacfe6cb86453eee7761b7637728c1910c",
    "https://bcr.bazel.build/modules/rules_go/0.37.0/MODULE.bazel": "7639dae065f071efebbe73c03dc8330c3293206cf073af7c7084add4e0120aba",
    "https://bcr.bazel.build/modules/rules_go/0.38.1/MODULE.bazel": "fb8e73dd3b6fc4ff9d260ceacd830114891d49904f5bda1c16bc147bcc254f71",
    "https://bcr.bazel.build/modules/rules_go/0.41.0/MODULE.bazel": "55861d8e8bb0e62cbd2896f60ff303f62ffcb0eddb74ecb0e5c0cbe36fc292c8",
    "https://bcr.bazel.build/modules/rules_go/0.42.0/MODULE.bazel": "8cfa875b9aa8c6fce2b2e5925e73c1388173ea3c32a0db4d2b4804b453c14270",
    "https://bcr.bazel.build/modules/rules_go/0.46.0/MODULE.bazel": "3477df8bdcc49e698b9d25f734c4f3a9f5931ff34ee48a2c662be168f5f2d3fd",
    "https://bcr.bazel.build/modules/rules_go/0.53.0/MODULE.bazel": "a4ed760d3ac0dbc0d7b967631a9a3fd9100d28f7d9fcf214b4df87d4bfff5f9a",
    "https://bcr.bazel.build/modules/rules_go/0.53.0/source.json": "c6dc34fb5bb8838652221a167d8f35ca3c8fdcbff8568f13cc75719802f95cff",
    "https://bcr.bazel.build/modules/rules_java/4.0.0/MODULE.bazel": "5a78a7ae82cd1a33cef56dc578c7d2a46ed0dca12643ee45edbb8417899e6f74",
    "https://bcr.bazel.build/modules/rules_java/5.3.5/MODULE.bazel": "a4ec4f2db570171e3e5eb753276ee4b389bae16b96207e9d3230895c99644b86",
    "https://bcr.bazel.build/modules/rules_java/7.6.5/MODULE.bazel": "481164be5e02e4cab6e77a36927683263be56b7e36fef918b458d7a8a1ebadb1",
    "https://bcr.bazel.build/modules/rules_java/7.6.5/source.json": "a805b889531d1690e3c72a7a7e47a870d00323186a9904b36af83aa3d053ee8d",
    "https://bcr.bazel.build/modules/rules_jvm_external/4.4.2/MODULE.bazel": "a56b85e418c83eb1839819f0b515c431010160383306d13ec21959ac412d2fe7",
    "https://bcr.bazel.build/modules/rules_jvm_external/5.1/MODULE.bazel": "33f6f999e03183f7d088c9be518a63467dfd0be94a11d0055fe2d210f89aa909",
    "https://bcr.bazel.build/modules/rules_jvm_external/5.1/source.json": "5abb45cc9beb27b77aec6a65a11855ef2b55d95dfdc358e9f312b78ae0ba32d5",
    "https://bcr.bazel.build/modules/rules_license/0.0.3/MODULE.bazel": "627e9ab0247f7d1e05736b59dbb1b6871373de5ad31c3011880b4133cafd4bd0",
    "https://bcr.bazel.build/modules/rules_license/0.0.7/MODULE.bazel": "088fbeb0b6a419005b89cf93fe62d9517c0a2b8bb56af3244af65ecfe37e7d5d",
    "https://bcr.bazel.build/modules/rules_license/1.0.0/MODULE.bazel": "a7fda60eefdf3d8c827262ba499957e4df06f659330bbe6cdbdb975b768bb65c",
    "https://bcr.bazel.build/modules/rules_license/1.0.0/source.json": "a52c89e54cc311196e478f8382df91c15f7a2bfdf4c6cd0e2675cc2ff0b56efb",
    "https://bcr.bazel.build/modules/rules_pkg/0.7.0/MODULE.bazel": "df99f03fc7934a4737122518bb87e667e62d780b610910f0447665a7e2be62dc",
    "https://bcr.bazel.build/modules/rules_pkg/0.7.0/source.json": "c2557066e0c0342223ba592510ad3d812d4963b9024831f7f66fd0584dd8c66c",
    "https://bcr.bazel.build/modules/rules_proto/4.0.0/MODULE.bazel": "a7a7b6ce9bee418c1a760b3d84f83a299ad6952f9903c67f19e4edd964894e06",
    "https://bcr.bazel.build/modules/rules_proto/5.3.0-21.7/MODULE.bazel": "e8dff86b0971688790ae75528fe1813f71809b5afd57facb44dad9e8eca631b7",
    "https://bcr.bazel.build/modules/rules_proto/6.0.0/MODULE.bazel": "b531d7f09f58dce456cd61b4579ce8c86b38544da75184eadaf0a7cb7966453f",
    "https://bcr.bazel.build/modules/rules_proto/6.0.0/source.json": "de77e10ff0ab16acbf54e6b46eecd37a99c5b290468ea1aee6e95eb1affdaed7",
    "https://bcr.bazel.build/modules/rules_python/0.10.2/MODULE.bazel": "cc82bc96f2997baa545ab3ce73f196d040ffb8756fd2d66125a530031cd90e5f",
    "https://bcr.bazel.build/modules/rules_python/0.22.1/MODULE.bazel": "26114f0c0b5e93018c0c066d6673f1a2c3737c7e90af95eff30cfee38d0bbac7",
    "https://bcr.bazel.build/modules/rules_python/0.22.1/source.json": "57226905e783bae7c37c2dd662be078728e48fa28ee4324a7eabcafb5a43d014",
    "https://bcr.bazel.build/modules/rules_python/0.4.0/MODULE.bazel": "9208ee05fd48bf09ac60ed269791cf17fb343db56c8226a720fbb1cdf467166c",
    "https://bcr.bazel.build/modules/rules_shell/0.2.0/MODULE.bazel": "fda8a652ab3c7d8fee214de05e7a9916d8b28082234e8d2c0094505c5268ed3c",
    "https://bcr.bazel.build/modules/rules_shell/0.3.0/MODULE.bazel": "de4402cd12f4cc8fda2354fce179fdb068c0b9ca1ec2d2b17b3e21b24c1a937b",
    "https://bcr.bazel.build/modules/rules_shell/0.4.1/MODULE.bazel": "00e501db01bbf4e3e1dd1595959092c2fadf2087b2852d3f553b5370f5633592",
    "https://bcr.bazel.build/modules/rules_shell/0.4.1/source.json": "4757bd277fe1567763991c4425b483477bb82e35e777a56fd846eb5cceda324a",
    "https://bcr.bazel.build/modules/stardoc/0.5.1/MODULE.bazel": "1a05d92974d0c122f5ccf09291442580317cdd859f07a8655f1db9a60374f9f8",
    "https://bcr.bazel.build/modules/stardoc/0.5.3/MODULE.bazel": "c7f6948dae6999bf0db32c1858ae345f112cacf98f174c7a8bb707e41b974f1c",
    "https://bcr.bazel.build/modules/stardoc/0.5.3/source.json": "cd53fe968dc8cd98197c052db3db6d82562960c87b61e7a90ee96f8e4e0dda97",
    "https://bcr.bazel.build/modules/upb/0.0.0-20220923-a547704/MODULE.bazel": "7298990c00040a0e2f121f6c32544bab27d4452f80d9ce51349b1a28f3005c43",
    "https://bcr.bazel.build/modules/zlib/1.2.11/MODULE.bazel": "07b389abc85fdbca459b69e2ec656ae5622873af3f845e1c9d80fe179f3effa0",
    "https://bcr.bazel.build/modules/zlib/1.2.12/MODULE.bazel": "3b1a8834ada2a883674be8cbd36ede1b6ec481477ada359cd2d3ddc562340b27",
    "https://bcr.bazel.build/modules/zlib/1.3.1.bcr.3/MODULE.bazel": "af322bc08976524477c79d1e45e241b6efbeb918c497e8840b8ab116802dda79",
    "https://bcr.bazel.build/modules/zlib/1.3.1.bcr.3/source.json": "2be409ac3c7601245958cd4fcdff4288be79ed23bd690b4b951f500d54ee6e7d"
  },
  "selectedYankedVersions": {},
  "moduleExtensions": {
    "@@apple_support~//crosstool:setup.bzl%apple_cc_configure_extension": {
      "general": {
        "bzlTransitiveDigest": "PjIds3feoYE8SGbbIq2SFTZy3zmxeO2tQevJZNDo7iY=",
        "usagesDigest": "+hz7IHWN6A1oVJJWNDB6yZRG+RYhF76wAYItpAeIUIg=",
        "recordedFileInputs": {},
        "recordedDirentsInputs": {},
        "envVariables": {},
        "generatedRepoSpecs": {
          "local_config_apple_cc_toolchains": {
            "bzlFile": "@@apple_support~//crosstool:setup.bzl",
            "ruleClassName": "_apple_cc_autoconf_toolchains",
            "attributes": {}
          },
          "local_config_apple_cc": {
            "bzlFile": "@@apple_support~//crosstool:setup.bzl",
            "ruleClassName": "_apple_cc_autoconf",
            "attributes": {}
          }
        },
        "recordedRepoMappingEntries": [
          [
            "apple_support~",
            "bazel_tools",
            "bazel_tools"
          ]
        ]
      }
    },
    "@@buildifier_prebuilt~//:defs.bzl%buildifier_prebuilt_deps_extension": {
      "general": {
        "bzlTransitiveDigest": "6PkOb0YKaKiXWnbM+clkPVyMqU0f1/t4zj8YgN7+nBU=",
        "usagesDigest": "QGr/rL6fZVYtgeinDLoe+Iy1qLtPJ33FYrxFWYQENSs=",
        "recordedFileInputs": {},
        "recordedDirentsInputs": {},
        "envVariables": {},
        "generatedRepoSpecs": {
          "buildifier_darwin_amd64": {
            "bzlFile": "@@bazel_tools//tools/build_defs/repo:http.bzl",
            "ruleClassName": "http_file",
            "attributes": {
              "urls": [
                "https://github.com/bazelbuild/buildtools/releases/download/v6.1.2/buildifier-darwin-amd64"
              ],
              "downloaded_file_path": "buildifier",
              "executable": true,
              "sha256": "e2f4a67691c5f55634fbfb3850eb97dd91be0edd059d947b6c83d120682e0216"
            }
          },
          "buildifier_darwin_arm64": {
            "bzlFile": "@@bazel_tools//tools/build_defs/repo:http.bzl",
            "ruleClassName": "http_file",
            "attributes": {
              "urls": [
                "https://github.com/bazelbuild/buildtools/releases/download/v6.1.2/buildifier-darwin-arm64"
              ],
              "downloaded_file_path": "buildifier",
              "executable": true,
              "sha256": "7549b5f535219ac957aa2a6069d46fbfc9ea3f74abd85fd3d460af4b1a2099a6"
            }
          },
          "buildifier_linux_amd64": {
            "bzlFile": "@@bazel_tools//tools/build_defs/repo:http.bzl",
            "ruleClassName": "http_file",
            "attributes": {
              "urls": [
                "https://github.com/bazelbuild/buildtools/releases/download/v6.1.2/buildifier-linux-amd64"
              ],
              "downloaded_file_path": "buildifier",
              "executable": true,
              "sha256": "51bc947dabb7b14ec6fb1224464fbcf7a7cb138f1a10a3b328f00835f72852ce"
            }
          },
          "buildifier_linux_arm64": {
            "bzlFile": "@@bazel_tools//tools/build_defs/repo:http.bzl",
            "ruleClassName": "http_file",
            "attributes": {
              "urls": [
                "https://github.com/bazelbuild/buildtools/releases/download/v6.1.2/buildifier-linux-arm64"
              ],
              "downloaded_file_path": "buildifier",
              "executable": true,
              "sha256": "0ba6e8e3208b5a029164e542ddb5509e618f87b639ffe8cc2f54770022853080"
            }
          },
          "buildifier_windows_amd64": {
            "bzlFile": "@@bazel_tools//tools/build_defs/repo:http.bzl",
            "ruleClassName": "http_file",
            "attributes": {
              "urls": [
                "https://github.com/bazelbuild/buildtools/releases/download/v6.1.2/buildifier-windows-amd64.exe"
              ],
              "downloaded_file_path": "buildifier.exe",
              "executable": true,
              "sha256": "92bdd284fbc6766fc3e300b434ff9e68ac4d76a06cb29d1bdefe79a102a8d135"
            }
          },
          "buildozer_darwin_amd64": {
            "bzlFile": "@@bazel_tools//tools/build_defs/repo:http.bzl",
            "ruleClassName": "http_file",
            "attributes": {
              "urls": [
                "https://github.com/bazelbuild/buildtools/releases/download/v6.1.2/buildozer-darwin-amd64"
              ],
              "downloaded_file_path": "buildozer",
              "executable": true,
              "sha256": "4014751a4cc5e91a7dc4b64be7b30c565bd9014ae6d1879818dc624562a1d431"
            }
          },
          "buildozer_darwin_arm64": {
            "bzlFile": "@@bazel_tools//tools/build_defs/repo:http.bzl",
            "ruleClassName": "http_file",
            "attributes": {
              "urls": [
                "https://github.com/bazelbuild/buildtools/releases/download/v6.1.2/buildozer-darwin-arm64"
              ],
              "downloaded_file_path": "buildozer",
              "executable": true,
              "sha256": "e78bd5357f2356067d4b0d49ec4e4143dd9b1308746afc6ff11b55b952f462d7"
            }
          },
          "buildozer_linux_amd64": {
            "bzlFile": "@@bazel_tools//tools/build_defs/repo:http.bzl",
            "ruleClassName": "http_file",
            "attributes": {
              "urls": [
                "https://github.com/bazelbuild/buildtools/releases/download/v6.1.2/buildozer-linux-amd64"
              ],
              "downloaded_file_path": "buildozer",
              "executable": true,
              "sha256": "2aef0f1ef80a0140b8fe6e6a8eb822e14827d8855bfc6681532c7530339ea23b"
            }
          },
          "buildozer_linux_arm64": {
            "bzlFile": "@@bazel_tools//tools/build_defs/repo:http.bzl",
            "ruleClassName": "http_file",
            "attributes": {
              "urls": [
                "https://github.com/bazelbuild/buildtools/releases/download/v6.1.2/buildozer-linux-arm64"
              ],
              "downloaded_file_path": "buildozer",
              "executable": true,
              "sha256": "586e27630cbc242e8bd6fe8e24485eca8dcadea6410cc13cbe059202655980ac"
            }
          },
          "buildozer_windows_amd64": {
            "bzlFile": "@@bazel_tools//tools/build_defs/repo:http.bzl",
            "ruleClassName": "http_file",
            "attributes": {
              "urls": [
                "https://github.com/bazelbuild/buildtools/releases/download/v6.1.2/buildozer-windows-amd64.exe"
              ],
              "downloaded_file_path": "buildozer.exe",
              "executable": true,
              "sha256": "07664d5d08ee099f069cd654070cabf2708efaae9f52dc83921fa400c67a868b"
            }
          },
          "buildifier_prebuilt_toolchains": {
            "bzlFile": "@@buildifier_prebuilt~//:defs.bzl",
            "ruleClassName": "_buildifier_toolchain_setup",
            "attributes": {
              "assets_json": "[{\"arch\":\"amd64\",\"name\":\"buildifier\",\"platform\":\"darwin\",\"sha256\":\"e2f4a67691c5f55634fbfb3850eb97dd91be0edd059d947b6c83d120682e0216\",\"version\":\"v6.1.2\"},{\"arch\":\"arm64\",\"name\":\"buildifier\",\"platform\":\"darwin\",\"sha256\":\"7549b5f535219ac957aa2a6069d46fbfc9ea3f74abd85fd3d460af4b1a2099a6\",\"version\":\"v6.1.2\"},{\"arch\":\"amd64\",\"name\":\"buildifier\",\"platform\":\"linux\",\"sha256\":\"51bc947dabb7b14ec6fb1224464fbcf7a7cb138f1a10a3b328f00835f72852ce\",\"version\":\"v6.1.2\"},{\"arch\":\"arm64\",\"name\":\"buildifier\",\"platform\":\"linux\",\"sha256\":\"0ba6e8e3208b5a029164e542ddb5509e618f87b639ffe8cc2f54770022853080\",\"version\":\"v6.1.2\"},{\"arch\":\"amd64\",\"name\":\"buildifier\",\"platform\":\"windows\",\"sha256\":\"92bdd284fbc6766fc3e300b434ff9e68ac4d76a06cb29d1bdefe79a102a8d135\",\"version\":\"v6.1.2\"},{\"arch\":\"amd64\",\"name\":\"buildozer\",\"platform\":\"darwin\",\"sha256\":\"4014751a4cc5e91a7dc4b64be7b30c565bd9014ae6d1879818dc624562a1d431\",\"version\":\"v6.1.2\"},{\"arch\":\"arm64\",\"name\":\"buildozer\",\"platform\":\"darwin\",\"sha256\":\"e78bd5357f2356067d4b0d49ec4e4143dd9b1308746afc6ff11b55b952f462d7\",\"version\":\"v6.1.2\"},{\"arch\":\"amd64\",\"name\":\"buildozer\",\"platform\":\"linux\",\"sha256\":\"2aef0f1ef80a0140b8fe6e6a8eb822e14827d8855bfc6681532c7530339ea23b\",\"version\":\"v6.1.2\"},{\"arch\":\"arm64\",\"name\":\"buildozer\",\"platform\":\"linux\",\"sha256\":\"586e27630cbc242e8bd6fe8e24485eca8dcadea6410cc13cbe059202655980ac\",\"version\":\"v6.1.2\"},{\"arch\":\"amd64\",\"name\":\"buildozer\",\"platform\":\"windows\",\"sha256\":\"07664d5d08ee099f069cd654070cabf2708efaae9f52dc83921fa400c67a868b\",\"version\":\"v6.1.2\"}]"
            }
          }
        },
        "recordedRepoMappingEntries": [
          [
            "buildifier_prebuilt~",
            "bazel_skylib",
            "bazel_skylib~"
          ],
          [
            "buildifier_prebuilt~",
            "bazel_tools",
            "bazel_tools"
          ]
        ]
      }
    },
    "@@platforms//host:extension.bzl%host_platform": {
      "general": {
        "bzlTransitiveDigest": "xelQcPZH8+tmuOHVjL9vDxMnnQNMlwj0SlvgoqBkm4U=",
        "usagesDigest": "F69CSIcI+cXD4dOPYSO53EWycq1bMeo9WyWQAgMBHi8=",
        "recordedFileInputs": {},
        "recordedDirentsInputs": {},
        "envVariables": {},
        "generatedRepoSpecs": {
          "host_platform": {
            "bzlFile": "@@platforms//host:extension.bzl",
            "ruleClassName": "host_platform_repo",
            "attributes": {}
          }
        },
        "recordedRepoMappingEntries": []
      }
    }
  }
}
